<Solution>
  <Project Path="Backend/Backend.csproj" />
  <Project Path="Frontend/Frontend.ApiService/Frontend.ApiService.csproj" />
  <Project Path="Frontend/Frontend.AppHost/Frontend.AppHost.csproj" />
  <Project Path="Frontend/Frontend.ServiceDefaults/Frontend.ServiceDefaults.csproj" />
  <Project Path="Frontend/Frontend.Web/Frontend.Web.csproj" />
  <Project Path="projectwork09.ApiService/projectwork09.ApiService.csproj" />
  <Project Path="projectwork09.AppHost/projectwork09.AppHost.csproj" />
  <Project Path="projectwork09.ServiceDefaults/projectwork09.ServiceDefaults.csproj" />
  <Project Path="projectwork09.Web/projectwork09.Web.csproj" />
</Solution>
